Microsoft Visual Studio Solution File, Format Version 12.00
# Visual Studio Version 17
VisualStudioVersion = 17.1.32210.238
MinimumVisualStudioVersion = 10.0.40219.1
Project("{9A19103F-16F7-4668-BE54-9A1E7A4F7556}") = "FreeYotogiFavorites", "src\FreeYotogiFavorites.csproj", "{9E4E56A4-F761-42E1-8CD1-391EDA582810}"
EndProject
Global
	GlobalSection(SolutionConfigurationPlatforms) = preSolution
		Debug|Any CPU = Debug|Any CPU
		Release|Any CPU = Release|Any CPU
	EndGlobalSection
	GlobalSection(ProjectConfigurationPlatforms) = postSolution
		{9E4E56A4-F761-42E1-8CD1-391EDA582810}.Debug|Any CPU.ActiveCfg = Debug|Any CPU
		{9E4E56A4-F761-42E1-8CD1-391EDA582810}.Debug|Any CPU.Build.0 = Debug|Any CPU
		{9E4E56A4-F761-42E1-8CD1-391EDA582810}.Release|Any CPU.ActiveCfg = Release|Any CPU
		{9E4E56A4-F761-42E1-8CD1-391EDA582810}.Release|Any CPU.Build.0 = Release|Any CPU
	EndGlobalSection
	GlobalSection(SolutionProperties) = preSolution
		HideSolutionNode = FALSE
	EndGlobalSection
	GlobalSection(ExtensibilityGlobals) = postSolution
		SolutionGuid = {BF564463-2BEE-4BA2-9F15-7472245AB995}
	EndGlobalSection
EndGlobal
